
Microsoft Visual Studio Solution File, Format Version 12.00
# Visual Studio Version 17
VisualStudioVersion = 17.3.32901.215
MinimumVisualStudioVersion = 10.0.40219.1
Project("{FAE04EC0-301F-11D3-BF4B-00C04F79EFBC}") = "StubTest", "StubTest.csproj", "{593759DE-E0E5-4ABC-8189-528D60B4C6C8}"
EndProject
Project("{FAE04EC0-301F-11D3-BF4B-00C04F79EFBC}") = "StubTests", "..\FakeTests\StubTests.csproj", "{7F90BB1A-C609-49BA-9BCC-711BF7AF5B1A}"
EndProject
Global
	GlobalSection(SolutionConfigurationPlatforms) = preSolution
		Debug|Any CPU = Debug|Any CPU
		Release|Any CPU = Release|Any CPU
	EndGlobalSection
	GlobalSection(ProjectConfigurationPlatforms) = postSolution
		{593759DE-E0E5-4ABC-8189-528D60B4C6C8}.Debug|Any CPU.ActiveCfg = Debug|Any CPU
		{593759DE-E0E5-4ABC-8189-528D60B4C6C8}.Debug|Any CPU.Build.0 = Debug|Any CPU
		{593759DE-E0E5-4ABC-8189-528D60B4C6C8}.Release|Any CPU.ActiveCfg = Release|Any CPU
		{593759DE-E0E5-4ABC-8189-528D60B4C6C8}.Release|Any CPU.Build.0 = Release|Any CPU
		{7F90BB1A-C609-49BA-9BCC-711BF7AF5B1A}.Debug|Any CPU.ActiveCfg = Debug|Any CPU
		{7F90BB1A-C609-49BA-9BCC-711BF7AF5B1A}.Debug|Any CPU.Build.0 = Debug|Any CPU
		{7F90BB1A-C609-49BA-9BCC-711BF7AF5B1A}.Release|Any CPU.ActiveCfg = Release|Any CPU
		{7F90BB1A-C609-49BA-9BCC-711BF7AF5B1A}.Release|Any CPU.Build.0 = Release|Any CPU
	EndGlobalSection
	GlobalSection(SolutionProperties) = preSolution
		HideSolutionNode = FALSE
	EndGlobalSection
	GlobalSection(ExtensibilityGlobals) = postSolution
		SolutionGuid = {4DCF6D6A-E5B2-44F4-BAD5-B3F0D8BD608C}
	EndGlobalSection
EndGlobal
